
Microsoft Visual Studio Solution File, Format Version 12.00
# Visual Studio Version 16
VisualStudioVersion = 16.0.31025.194
MinimumVisualStudioVersion = 10.0.40219.1
Project("{9A19103F-16F7-4668-BE54-9A1E7A4F7556}") = "VTubeMon.Core", "VTubeMon.Core\VTubeMon.Core.csproj", "{4ACC591E-285F-4620-9E12-3C82FB8C41C0}"
EndProject
Project("{9A19103F-16F7-4668-BE54-9A1E7A4F7556}") = "VTubeMon.Wpf.Core", "VTubeMon.Wpf.Core\VTubeMon.Wpf.Core.csproj", "{5973AFB2-575B-465D-A5B7-A12B6CE7437A}"
EndProject
Project("{9A19103F-16F7-4668-BE54-9A1E7A4F7556}") = "VTubeMon.Data", "VTubeMon.Data\VTubeMon.Data.csproj", "{10B55253-BFF6-4CD1-9F41-FD4AB4A356E5}"
EndProject
Project("{9A19103F-16F7-4668-BE54-9A1E7A4F7556}") = "VTubeMon.API", "VTubeMon.API\VTubeMon.API.csproj", "{9D234AB7-1F54-4610-B944-834BD6E5731B}"
EndProject
Project("{9A19103F-16F7-4668-BE54-9A1E7A4F7556}") = "VTubeMon.MySql", "VTubeMon.MySql\VTubeMon.MySql.csproj", "{E189A799-28E6-4FC5-9759-8BC29028DA44}"
EndProject
Project("{9A19103F-16F7-4668-BE54-9A1E7A4F7556}") = "VTubeMon.Discord", "VTubeMon.Discord\VTubeMon.Discord.csproj", "{014A5905-4D38-4378-8B2B-6837E0ED1BF7}"
EndProject
Project("{FAE04EC0-301F-11D3-BF4B-00C04F79EFBC}") = "VTubeMon.Core.Tests", "VTubeMon.Core.Tests\VTubeMon.Core.Tests.csproj", "{E6AFD415-73A8-4ACB-94BA-B30895823EC1}"
EndProject
Global
	GlobalSection(SolutionConfigurationPlatforms) = preSolution
		Debug|Any CPU = Debug|Any CPU
		Debug|ARM = Debug|ARM
		Debug|ARM64 = Debug|ARM64
		Debug|x64 = Debug|x64
		Debug|x86 = Debug|x86
		Release|Any CPU = Release|Any CPU
		Release|ARM = Release|ARM
		Release|ARM64 = Release|ARM64
		Release|x64 = Release|x64
		Release|x86 = Release|x86
	EndGlobalSection
	GlobalSection(ProjectConfigurationPlatforms) = postSolution
		{4ACC591E-285F-4620-9E12-3C82FB8C41C0}.Debug|Any CPU.ActiveCfg = Debug|Any CPU
		{4ACC591E-285F-4620-9E12-3C82FB8C41C0}.Debug|Any CPU.Build.0 = Debug|Any CPU
		{4ACC591E-285F-4620-9E12-3C82FB8C41C0}.Debug|ARM.ActiveCfg = Debug|Any CPU
		{4ACC591E-285F-4620-9E12-3C82FB8C41C0}.Debug|ARM.Build.0 = Debug|Any CPU
		{4ACC591E-285F-4620-9E12-3C82FB8C41C0}.Debug|ARM64.ActiveCfg = Debug|Any CPU
		{4ACC591E-285F-4620-9E12-3C82FB8C41C0}.Debug|ARM64.Build.0 = Debug|Any CPU
		{4ACC591E-285F-4620-9E12-3C82FB8C41C0}.Debug|x64.ActiveCfg = Debug|Any CPU
		{4ACC591E-285F-4620-9E12-3C82FB8C41C0}.Debug|x64.Build.0 = Debug|Any CPU
		{4ACC591E-285F-4620-9E12-3C82FB8C41C0}.Debug|x86.ActiveCfg = Debug|Any CPU
		{4ACC591E-285F-4620-9E12-3C82FB8C41C0}.Debug|x86.Build.0 = Debug|Any CPU
		{4ACC591E-285F-4620-9E12-3C82FB8C41C0}.Release|Any CPU.ActiveCfg = Release|Any CPU
		{4ACC591E-285F-4620-9E12-3C82FB8C41C0}.Release|Any CPU.Build.0 = Release|Any CPU
		{4ACC591E-285F-4620-9E12-3C82FB8C41C0}.Release|ARM.ActiveCfg = Release|Any CPU
		{4ACC591E-285F-4620-9E12-3C82FB8C41C0}.Release|ARM.Build.0 = Release|Any CPU
		{4ACC591E-285F-4620-9E12-3C82FB8C41C0}.Release|ARM64.ActiveCfg = Release|Any CPU
		{4ACC591E-285F-4620-9E12-3C82FB8C41C0}.Release|ARM64.Build.0 = Release|Any CPU
		{4ACC591E-285F-4620-9E12-3C82FB8C41C0}.Release|x64.ActiveCfg = Release|Any CPU
		{4ACC591E-285F-4620-9E12-3C82FB8C41C0}.Release|x64.Build.0 = Release|Any CPU
		{4ACC591E-285F-4620-9E12-3C82FB8C41C0}.Release|x86.ActiveCfg = Release|Any CPU
		{4ACC591E-285F-4620-9E12-3C82FB8C41C0}.Release|x86.Build.0 = Release|Any CPU
		{5973AFB2-575B-465D-A5B7-A12B6CE7437A}.Debug|Any CPU.ActiveCfg = Debug|Any CPU
		{5973AFB2-575B-465D-A5B7-A12B6CE7437A}.Debug|Any CPU.Build.0 = Debug|Any CPU
		{5973AFB2-575B-465D-A5B7-A12B6CE7437A}.Debug|ARM.ActiveCfg = Debug|Any CPU
		{5973AFB2-575B-465D-A5B7-A12B6CE7437A}.Debug|ARM.Build.0 = Debug|Any CPU
		{5973AFB2-575B-465D-A5B7-A12B6CE7437A}.Debug|ARM64.ActiveCfg = Debug|Any CPU
		{5973AFB2-575B-465D-A5B7-A12B6CE7437A}.Debug|ARM64.Build.0 = Debug|Any CPU
		{5973AFB2-575B-465D-A5B7-A12B6CE7437A}.Debug|x64.ActiveCfg = Debug|Any CPU
		{5973AFB2-575B-465D-A5B7-A12B6CE7437A}.Debug|x64.Build.0 = Debug|Any CPU
		{5973AFB2-575B-465D-A5B7-A12B6CE7437A}.Debug|x86.ActiveCfg = Debug|Any CPU
		{5973AFB2-575B-465D-A5B7-A12B6CE7437A}.Debug|x86.Build.0 = Debug|Any CPU
		{5973AFB2-575B-465D-A5B7-A12B6CE7437A}.Release|Any CPU.ActiveCfg = Release|Any CPU
		{5973AFB2-575B-465D-A5B7-A12B6CE7437A}.Release|Any CPU.Build.0 = Release|Any CPU
		{5973AFB2-575B-465D-A5B7-A12B6CE7437A}.Release|ARM.ActiveCfg = Release|Any CPU
		{5973AFB2-575B-465D-A5B7-A12B6CE7437A}.Release|ARM.Build.0 = Release|Any CPU
		{5973AFB2-575B-465D-A5B7-A12B6CE7437A}.Release|ARM64.ActiveCfg = Release|Any CPU
		{5973AFB2-575B-465D-A5B7-A12B6CE7437A}.Release|ARM64.Build.0 = Release|Any CPU
		{5973AFB2-575B-465D-A5B7-A12B6CE7437A}.Release|x64.ActiveCfg = Release|Any CPU
		{5973AFB2-575B-465D-A5B7-A12B6CE7437A}.Release|x64.Build.0 = Release|Any CPU
		{5973AFB2-575B-465D-A5B7-A12B6CE7437A}.Release|x86.ActiveCfg = Release|Any CPU
		{5973AFB2-575B-465D-A5B7-A12B6CE7437A}.Release|x86.Build.0 = Release|Any CPU
		{10B55253-BFF6-4CD1-9F41-FD4AB4A356E5}.Debug|Any CPU.ActiveCfg = Debug|Any CPU
		{10B55253-BFF6-4CD1-9F41-FD4AB4A356E5}.Debug|Any CPU.Build.0 = Debug|Any CPU
		{10B55253-BFF6-4CD1-9F41-FD4AB4A356E5}.Debug|ARM.ActiveCfg = Debug|Any CPU
		{10B55253-BFF6-4CD1-9F41-FD4AB4A356E5}.Debug|ARM.Build.0 = Debug|Any CPU
		{10B55253-BFF6-4CD1-9F41-FD4AB4A356E5}.Debug|ARM64.ActiveCfg = Debug|Any CPU
		{10B55253-BFF6-4CD1-9F41-FD4AB4A356E5}.Debug|ARM64.Build.0 = Debug|Any CPU
		{10B55253-BFF6-4CD1-9F41-FD4AB4A356E5}.Debug|x64.ActiveCfg = Debug|Any CPU
		{10B55253-BFF6-4CD1-9F41-FD4AB4A356E5}.Debug|x64.Build.0 = Debug|Any CPU
		{10B55253-BFF6-4CD1-9F41-FD4AB4A356E5}.Debug|x86.ActiveCfg = Debug|Any CPU
		{10B55253-BFF6-4CD1-9F41-FD4AB4A356E5}.Debug|x86.Build.0 = Debug|Any CPU
		{10B55253-BFF6-4CD1-9F41-FD4AB4A356E5}.Release|Any CPU.ActiveCfg = Release|Any CPU
		{10B55253-BFF6-4CD1-9F41-FD4AB4A356E5}.Release|Any CPU.Build.0 = Release|Any CPU
		{10B55253-BFF6-4CD1-9F41-FD4AB4A356E5}.Release|ARM.ActiveCfg = Release|Any CPU
		{10B55253-BFF6-4CD1-9F41-FD4AB4A356E5}.Release|ARM.Build.0 = Release|Any CPU
		{10B55253-BFF6-4CD1-9F41-FD4AB4A356E5}.Release|ARM64.ActiveCfg = Release|Any CPU
		{10B55253-BFF6-4CD1-9F41-FD4AB4A356E5}.Release|ARM64.Build.0 = Release|Any CPU
		{10B55253-BFF6-4CD1-9F41-FD4AB4A356E5}.Release|x64.ActiveCfg = Release|Any CPU
		{10B55253-BFF6-4CD1-9F41-FD4AB4A356E5}.Release|x64.Build.0 = Release|Any CPU
		{10B55253-BFF6-4CD1-9F41-FD4AB4A356E5}.Release|x86.ActiveCfg = Release|Any CPU
		{10B55253-BFF6-4CD1-9F41-FD4AB4A356E5}.Release|x86.Build.0 = Release|Any CPU
		{9D234AB7-1F54-4610-B944-834BD6E5731B}.Debug|Any CPU.ActiveCfg = Debug|Any CPU
		{9D234AB7-1F54-4610-B944-834BD6E5731B}.Debug|Any CPU.Build.0 = Debug|Any CPU
		{9D234AB7-1F54-4610-B944-834BD6E5731B}.Debug|ARM.ActiveCfg = Debug|Any CPU
		{9D234AB7-1F54-4610-B944-834BD6E5731B}.Debug|ARM.Build.0 = Debug|Any CPU
		{9D234AB7-1F54-4610-B944-834BD6E5731B}.Debug|ARM64.ActiveCfg = Debug|Any CPU
		{9D234AB7-1F54-4610-B944-834BD6E5731B}.Debug|ARM64.Build.0 = Debug|Any CPU
		{9D234AB7-1F54-4610-B944-834BD6E5731B}.Debug|x64.ActiveCfg = Debug|Any CPU
		{9D234AB7-1F54-4610-B944-834BD6E5731B}.Debug|x64.Build.0 = Debug|Any CPU
		{9D234AB7-1F54-4610-B944-834BD6E5731B}.Debug|x86.ActiveCfg = Debug|Any CPU
		{9D234AB7-1F54-4610-B944-834BD6E5731B}.Debug|x86.Build.0 = Debug|Any CPU
		{9D234AB7-1F54-4610-B944-834BD6E5731B}.Release|Any CPU.ActiveCfg = Release|Any CPU
		{9D234AB7-1F54-4610-B944-834BD6E5731B}.Release|Any CPU.Build.0 = Release|Any CPU
		{9D234AB7-1F54-4610-B944-834BD6E5731B}.Release|ARM.ActiveCfg = Release|Any CPU
		{9D234AB7-1F54-4610-B944-834BD6E5731B}.Release|ARM.Build.0 = Release|Any CPU
		{9D234AB7-1F54-4610-B944-834BD6E5731B}.Release|ARM64.ActiveCfg = Release|Any CPU
		{9D234AB7-1F54-4610-B944-834BD6E5731B}.Release|ARM64.Build.0 = Release|Any CPU
		{9D234AB7-1F54-4610-B944-834BD6E5731B}.Release|x64.ActiveCfg = Release|Any CPU
		{9D234AB7-1F54-4610-B944-834BD6E5731B}.Release|x64.Build.0 = Release|Any CPU
		{9D234AB7-1F54-4610-B944-834BD6E5731B}.Release|x86.ActiveCfg = Release|Any CPU
		{9D234AB7-1F54-4610-B944-834BD6E5731B}.Release|x86.Build.0 = Release|Any CPU
		{E189A799-28E6-4FC5-9759-8BC29028DA44}.Debug|Any CPU.ActiveCfg = Debug|Any CPU
		{E189A799-28E6-4FC5-9759-8BC29028DA44}.Debug|Any CPU.Build.0 = Debug|Any CPU
		{E189A799-28E6-4FC5-9759-8BC29028DA44}.Debug|ARM.ActiveCfg = Debug|Any CPU
		{E189A799-28E6-4FC5-9759-8BC29028DA44}.Debug|ARM.Build.0 = Debug|Any CPU
		{E189A799-28E6-4FC5-9759-8BC29028DA44}.Debug|ARM64.ActiveCfg = Debug|Any CPU
		{E189A799-28E6-4FC5-9759-8BC29028DA44}.Debug|ARM64.Build.0 = Debug|Any CPU
		{E189A799-28E6-4FC5-9759-8BC29028DA44}.Debug|x64.ActiveCfg = Debug|Any CPU
		{E189A799-28E6-4FC5-9759-8BC29028DA44}.Debug|x64.Build.0 = Debug|Any CPU
		{E189A799-28E6-4FC5-9759-8BC29028DA44}.Debug|x86.ActiveCfg = Debug|Any CPU
		{E189A799-28E6-4FC5-9759-8BC29028DA44}.Debug|x86.Build.0 = Debug|Any CPU
		{E189A799-28E6-4FC5-9759-8BC29028DA44}.Release|Any CPU.ActiveCfg = Release|Any CPU
		{E189A799-28E6-4FC5-9759-8BC29028DA44}.Release|Any CPU.Build.0 = Release|Any CPU
		{E189A799-28E6-4FC5-9759-8BC29028DA44}.Release|ARM.ActiveCfg = Release|Any CPU
		{E189A799-28E6-4FC5-9759-8BC29028DA44}.Release|ARM.Build.0 = Release|Any CPU
		{E189A799-28E6-4FC5-9759-8BC29028DA44}.Release|ARM64.ActiveCfg = Release|Any CPU
		{E189A799-28E6-4FC5-9759-8BC29028DA44}.Release|ARM64.Build.0 = Release|Any CPU
		{E189A799-28E6-4FC5-9759-8BC29028DA44}.Release|x64.ActiveCfg = Release|Any CPU
		{E189A799-28E6-4FC5-9759-8BC29028DA44}.Release|x64.Build.0 = Release|Any CPU
		{E189A799-28E6-4FC5-9759-8BC29028DA44}.Release|x86.ActiveCfg = Release|Any CPU
		{E189A799-28E6-4FC5-9759-8BC29028DA44}.Release|x86.Build.0 = Release|Any CPU
		{014A5905-4D38-4378-8B2B-6837E0ED1BF7}.Debug|Any CPU.ActiveCfg = Debug|Any CPU
		{014A5905-4D38-4378-8B2B-6837E0ED1BF7}.Debug|Any CPU.Build.0 = Debug|Any CPU
		{014A5905-4D38-4378-8B2B-6837E0ED1BF7}.Debug|ARM.ActiveCfg = Debug|Any CPU
		{014A5905-4D38-4378-8B2B-6837E0ED1BF7}.Debug|ARM.Build.0 = Debug|Any CPU
		{014A5905-4D38-4378-8B2B-6837E0ED1BF7}.Debug|ARM64.ActiveCfg = Debug|Any CPU
		{014A5905-4D38-4378-8B2B-6837E0ED1BF7}.Debug|ARM64.Build.0 = Debug|Any CPU
		{014A5905-4D38-4378-8B2B-6837E0ED1BF7}.Debug|x64.ActiveCfg = Debug|Any CPU
		{014A5905-4D38-4378-8B2B-6837E0ED1BF7}.Debug|x64.Build.0 = Debug|Any CPU
		{014A5905-4D38-4378-8B2B-6837E0ED1BF7}.Debug|x86.ActiveCfg = Debug|Any CPU
		{014A5905-4D38-4378-8B2B-6837E0ED1BF7}.Debug|x86.Build.0 = Debug|Any CPU
		{014A5905-4D38-4378-8B2B-6837E0ED1BF7}.Release|Any CPU.ActiveCfg = Release|Any CPU
		{014A5905-4D38-4378-8B2B-6837E0ED1BF7}.Release|Any CPU.Build.0 = Release|Any CPU
		{014A5905-4D38-4378-8B2B-6837E0ED1BF7}.Release|ARM.ActiveCfg = Release|Any CPU
		{014A5905-4D38-4378-8B2B-6837E0ED1BF7}.Release|ARM.Build.0 = Release|Any CPU
		{014A5905-4D38-4378-8B2B-6837E0ED1BF7}.Release|ARM64.ActiveCfg = Release|Any CPU
		{014A5905-4D38-4378-8B2B-6837E0ED1BF7}.Release|ARM64.Build.0 = Release|Any CPU
		{014A5905-4D38-4378-8B2B-6837E0ED1BF7}.Release|x64.ActiveCfg = Release|Any CPU
		{014A5905-4D38-4378-8B2B-6837E0ED1BF7}.Release|x64.Build.0 = Release|Any CPU
		{014A5905-4D38-4378-8B2B-6837E0ED1BF7}.Release|x86.ActiveCfg = Release|Any CPU
		{014A5905-4D38-4378-8B2B-6837E0ED1BF7}.Release|x86.Build.0 = Release|Any CPU
		{E6AFD415-73A8-4ACB-94BA-B30895823EC1}.Debug|Any CPU.ActiveCfg = Debug|Any CPU
		{E6AFD415-73A8-4ACB-94BA-B30895823EC1}.Debug|Any CPU.Build.0 = Debug|Any CPU
		{E6AFD415-73A8-4ACB-94BA-B30895823EC1}.Debug|ARM.ActiveCfg = Debug|Any CPU
		{E6AFD415-73A8-4ACB-94BA-B30895823EC1}.Debug|ARM.Build.0 = Debug|Any CPU
		{E6AFD415-73A8-4ACB-94BA-B30895823EC1}.Debug|ARM64.ActiveCfg = Debug|Any CPU
		{E6AFD415-73A8-4ACB-94BA-B30895823EC1}.Debug|ARM64.Build.0 = Debug|Any CPU
		{E6AFD415-73A8-4ACB-94BA-B30895823EC1}.Debug|x64.ActiveCfg = Debug|Any CPU
		{E6AFD415-73A8-4ACB-94BA-B30895823EC1}.Debug|x64.Build.0 = Debug|Any CPU
		{E6AFD415-73A8-4ACB-94BA-B30895823EC1}.Debug|x86.ActiveCfg = Debug|Any CPU
		{E6AFD415-73A8-4ACB-94BA-B30895823EC1}.Debug|x86.Build.0 = Debug|Any CPU
		{E6AFD415-73A8-4ACB-94BA-B30895823EC1}.Release|Any CPU.ActiveCfg = Release|Any CPU
		{E6AFD415-73A8-4ACB-94BA-B30895823EC1}.Release|Any CPU.Build.0 = Release|Any CPU
		{E6AFD415-73A8-4ACB-94BA-B30895823EC1}.Release|ARM.ActiveCfg = Release|Any CPU
		{E6AFD415-73A8-4ACB-94BA-B30895823EC1}.Release|ARM.Build.0 = Release|Any CPU
		{E6AFD415-73A8-4ACB-94BA-B30895823EC1}.Release|ARM64.ActiveCfg = Release|Any CPU
		{E6AFD415-73A8-4ACB-94BA-B30895823EC1}.Release|ARM64.Build.0 = Release|Any CPU
		{E6AFD415-73A8-4ACB-94BA-B30895823EC1}.Release|x64.ActiveCfg = Release|Any CPU
		{E6AFD415-73A8-4ACB-94BA-B30895823EC1}.Release|x64.Build.0 = Release|Any CPU
		{E6AFD415-73A8-4ACB-94BA-B30895823EC1}.Release|x86.ActiveCfg = Release|Any CPU
		{E6AFD415-73A8-4ACB-94BA-B30895823EC1}.Release|x86.Build.0 = Release|Any CPU
	EndGlobalSection
	GlobalSection(SolutionProperties) = preSolution
		HideSolutionNode = FALSE
	EndGlobalSection
	GlobalSection(ExtensibilityGlobals) = postSolution
		SolutionGuid = {FA29C535-8887-411A-917F-F012D410E14B}
	EndGlobalSection
EndGlobal
